{
    "_readme": [
        "This file locks the dependencies of your project to a known state",
        "Read more about it at https://getcomposer.org/doc/01-basic-usage.md#composer-lock-the-lock-file",
        "This file is @generated automatically"
    ],
    "hash": "b6945c24e0f5e70429825a46aad49982",
    "content-hash": "58a13ab4f220b0c6535ab0fccc0983c7",
    "packages": [],
    "packages-dev": [
        {
            "name": "corneltek/actionkit",
            "version": "dev-master",
            "source": {
                "type": "git",
                "url": "https://github.com/c9s/ActionKit.git",
                "reference": "7930a197164a8eda3d0b038b2b06d4c71ef751cf"
            },
            "dist": {
                "type": "zip",
                "url": "https://api.github.com/repos/c9s/ActionKit/zipball/7930a197164a8eda3d0b038b2b06d4c71ef751cf",
                "reference": "7930a197164a8eda3d0b038b2b06d4c71ef751cf",
                "shasum": ""
            },
            "require": {
                "corneltek/cascading-attribute": "^1",
                "corneltek/class-template": "^2",
                "corneltek/fileutil": "^1",
                "corneltek/formkit": "^1",
                "corneltek/imagekit": "^1",
                "corneltek/locale": "2.0.x-dev",
                "corneltek/universal": "^1.7",
                "pekkis/mime-types": "^1",
                "pimple/pimple": "^3.0",
                "twig/twig": "^1"
            },
            "require-dev": {
                "corneltek/cliframework": "@dev",
                "corneltek/kendo": "dev-master",
                "corneltek/lazyrecord": "dev-master",
                "corneltek/phpunit-testmore": "dev-master",
                "corneltek/sqlbuilder": "@dev",
                "corneltek/webserver-runner": "dev-master"
            },
            "suggest": {
                "corneltek/lazyrecord": "Support Record-based Action"
            },
            "type": "library",
            "extra": {
                "branch-alias": {
                    "dev-master": "3.0.x-dev"
                }
            },
            "autoload": {
                "psr-4": {
                    "ActionKit\\": "src/ActionKit/"
                }
            },
            "notification-url": "https://packagist.org/downloads/",
            "license": [
                "MIT"
            ],
            "authors": [
                {
                    "name": "c9s",
                    "email": "yoanlin93+composer@gmail.com"
                }
            ],
            "time": "2016-05-13 02:04:18"
        },
        {
            "name": "corneltek/cascading-attribute",
            "version": "1.2.1",
            "source": {
                "type": "git",
                "url": "https://github.com/c9s/CascadingAttribute.git",
                "reference": "6ffd238021be3eba1285b28001390a5135833e70"
            },
            "dist": {
                "type": "zip",
                "url": "https://api.github.com/repos/c9s/CascadingAttribute/zipball/6ffd238021be3eba1285b28001390a5135833e70",
                "reference": "6ffd238021be3eba1285b28001390a5135833e70",
                "shasum": ""
            },
            "require-dev": {
                "corneltek/phpunit-testmore": "dev-master"
            },
            "type": "library",
            "autoload": {
                "files": [
                    "src/CascadingAttribute.php"
                ]
            },
            "notification-url": "https://packagist.org/downloads/",
            "authors": [
                {
                    "name": "Yo-An Lin",
                    "email": "cornelius.howl@gmail.com",
                    "homepage": "http://c9s.me"
                }
            ],
            "time": "2013-03-23 07:26:05"
        },
        {
            "name": "corneltek/class-template",
            "version": "2.1.2",
            "source": {
                "type": "git",
                "url": "https://github.com/c9s/ClassTemplate.git",
                "reference": "4bdb46a6b1a5245118e7bf08b4cdacdfdaadb77b"
            },
            "dist": {
                "type": "zip",
                "url": "https://api.github.com/repos/c9s/ClassTemplate/zipball/4bdb46a6b1a5245118e7bf08b4cdacdfdaadb77b",
                "reference": "4bdb46a6b1a5245118e7bf08b4cdacdfdaadb77b",
                "shasum": ""
            },
            "require": {
                "corneltek/codegen": "^2",
                "php": ">=5.3.0",
                "twig/twig": "^1"
            },
            "require-dev": {
                "corneltek/phpunit-testmore": "dev-master"
            },
            "type": "library",
            "autoload": {
                "psr-4": {
                    "ClassTemplate\\": "src/ClassTemplate/"
                }
            },
            "notification-url": "https://packagist.org/downloads/",
            "license": [
                "MIT"
            ],
            "authors": [
                {
                    "name": "Yo-An Lin",
                    "email": "yoanlin93@gmail.com",
                    "homepage": "http://c9s.me"
                }
            ],
            "description": "Class template Utilities",
            "homepage": "http://github.com/c9s/ClassTemplate",
            "time": "2015-09-06 05:04:14"
        },
        {
            "name": "corneltek/codegen",
            "version": "2.7.1",
            "source": {
                "type": "git",
                "url": "https://github.com/c9s/CodeGen.git",
                "reference": "b2a1835b4a0c63cb5f1c1c0a44176adbbfd46dcd"
            },
            "dist": {
                "type": "zip",
                "url": "https://api.github.com/repos/c9s/CodeGen/zipball/b2a1835b4a0c63cb5f1c1c0a44176adbbfd46dcd",
                "reference": "b2a1835b4a0c63cb5f1c1c0a44176adbbfd46dcd",
                "shasum": ""
            },
            "require": {
                "doctrine/inflector": "*",
                "php": ">=5.3.0",
                "twig/twig": "^1 >=1.21"
            },
            "require-dev": {
                "corneltek/phpunit-testmore": "dev-master"
            },
            "type": "library",
            "extra": {
                "branch-alias": {
                    "dev-master": "2.8.x-dev"
                }
            },
            "autoload": {
                "psr-4": {
                    "CodeGen\\": "src/CodeGen/"
                }
            },
            "notification-url": "https://packagist.org/downloads/",
            "license": [
                "MIT"
            ],
            "authors": [
                {
                    "name": "Yo-An Lin",
                    "email": "yoanlin93@gmail.com",
                    "homepage": "http://c9s.me"
                }
            ],
            "description": "PHP Code Generation Library",
            "homepage": "http://github.com/c9s/CodeGen",
            "time": "2016-03-26 07:10:40"
        },
        {
            "name": "corneltek/fileutil",
            "version": "1.7.1",
            "source": {
                "type": "git",
                "url": "https://github.com/c9s/php-fileutil.git",
                "reference": "2a23c578674d5dd2f73352f5b8574ff67ebf1a50"
            },
            "dist": {
                "type": "zip",
                "url": "https://api.github.com/repos/c9s/php-fileutil/zipball/2a23c578674d5dd2f73352f5b8574ff67ebf1a50",
                "reference": "2a23c578674d5dd2f73352f5b8574ff67ebf1a50",
                "shasum": ""
            },
            "require-dev": {
                "corneltek/phpunit-testmore": "dev-master"
            },
            "type": "library",
            "autoload": {
                "files": [
                    "src/FileUtil.php"
                ]
            },
            "notification-url": "https://packagist.org/downloads/",
            "authors": [
                {
                    "name": "Yo-An Lin",
                    "email": "cornelius.howl@gmail.com",
                    "homepage": "http://c9s.me"
                }
            ],
            "description": "Fast File Utility Extension",
            "time": "2013-09-18 15:00:14"
        },
        {
            "name": "corneltek/formkit",
            "version": "1.3.22",
            "source": {
                "type": "git",
                "url": "https://github.com/c9s/FormKit.git",
                "reference": "04e2fe955c46d36e42d2c2fda50fde6a758faa5a"
            },
            "dist": {
                "type": "zip",
                "url": "https://api.github.com/repos/c9s/FormKit/zipball/04e2fe955c46d36e42d2c2fda50fde6a758faa5a",
                "reference": "04e2fe955c46d36e42d2c2fda50fde6a758faa5a",
                "shasum": ""
            },
            "require-dev": {
                "corneltek/phpunit-testmore": "dev-master"
            },
            "type": "library",
            "extra": {
                "branch-alias": {
                    "dev-master": "1.3.x-dev"
                }
            },
            "autoload": {
                "psr-4": {
                    "FormKit\\": "src/FormKit/"
                }
            },
            "notification-url": "https://packagist.org/downloads/",
            "license": [
                "MIT"
            ],
            "authors": [
                {
                    "name": "c9s",
                    "email": "cornelius.howl@gmail.com"
                }
            ],
            "time": "2016-04-25 16:06:26"
        },
        {
            "name": "corneltek/imagekit",
            "version": "1.0.1",
            "source": {
                "type": "git",
                "url": "https://github.com/c9s/ImageKit.git",
                "reference": "dda1294b83ccbed3536f97069cd412c62a46d24c"
            },
            "dist": {
                "type": "zip",
                "url": "https://api.github.com/repos/c9s/ImageKit/zipball/dda1294b83ccbed3536f97069cd412c62a46d24c",
                "reference": "dda1294b83ccbed3536f97069cd412c62a46d24c",
                "shasum": ""
            },
            "require": {
                "corneltek/fileutil": "~1"
            },
            "require-dev": {
                "corneltek/phpunit-testmore": "dev-master"
            },
            "type": "library",
            "autoload": {
                "psr-4": {
                    "ImageKit\\": "src/ImageKit/"
                }
            },
            "notification-url": "https://packagist.org/downloads/",
            "license": [
                "MIT"
            ],
            "authors": [
                {
                    "name": "c9s",
                    "email": "yoanlin93+composer@gmail.com"
                }
            ],
            "time": "2015-07-08 04:45:13"
        },
        {
            "name": "corneltek/locale",
            "version": "dev-master",
            "source": {
                "type": "git",
                "url": "https://github.com/c9s/Locale.git",
                "reference": "9d009298b8a6df7853a473e3e0f9860d820f6811"
            },
            "dist": {
                "type": "zip",
                "url": "https://api.github.com/repos/c9s/Locale/zipball/9d009298b8a6df7853a473e3e0f9860d820f6811",
                "reference": "9d009298b8a6df7853a473e3e0f9860d820f6811",
                "shasum": ""
            },
            "require": {
                "php": ">=5.3.0"
            },
            "require-dev": {
                "corneltek/phpunit-testmore": "dev-master"
            },
            "type": "library",
            "extra": {
                "branch-alias": {
                    "dev-master": "2.0.x-dev"
                }
            },
            "autoload": {
                "psr-4": {
                    "Phifty\\": ""
                },
                "files": [
                    "helpers.php"
                ]
            },
            "notification-url": "https://packagist.org/downloads/",
            "time": "2016-03-30 09:35:07"
        },
        {
            "name": "corneltek/universal",
            "version": "1.7.2",
            "source": {
                "type": "git",
                "url": "https://github.com/c9s/Universal.git",
                "reference": "7815546cc524f6eac84d8f7620510e9277252d78"
            },
            "dist": {
                "type": "zip",
                "url": "https://api.github.com/repos/c9s/Universal/zipball/7815546cc524f6eac84d8f7620510e9277252d78",
                "reference": "7815546cc524f6eac84d8f7620510e9277252d78",
                "shasum": ""
            },
            "require": {
                "php": ">=5.3.0"
            },
            "require-dev": {
                "corneltek/phpunit-testmore": "dev-master",
                "satooshi/php-coveralls": "dev-master"
            },
            "type": "library",
            "autoload": {
                "psr-4": {
                    "Universal\\": "src/Universal/"
                }
            },
            "notification-url": "https://packagist.org/downloads/",
            "license": [
                "MIT"
            ],
            "authors": [
                {
                    "name": "Yo-An Lin",
                    "email": "cornelius.howl@gmail.com",
                    "homepage": "http://c9s.me"
                }
            ],
            "description": "Universal library for PHP",
            "homepage": "http://github.com/c9s/Universal",
            "time": "2015-11-07 10:32:02"
        },
        {
            "name": "dflydev/apache-mime-types",
            "version": "v1.0.1",
            "source": {
                "type": "git",
                "url": "https://github.com/dflydev/dflydev-apache-mime-types.git",
                "reference": "f30a57e59b7476e4c5270b6a0727d79c9c0eb861"
            },
            "dist": {
                "type": "zip",
                "url": "https://api.github.com/repos/dflydev/dflydev-apache-mime-types/zipball/f30a57e59b7476e4c5270b6a0727d79c9c0eb861",
                "reference": "f30a57e59b7476e4c5270b6a0727d79c9c0eb861",
                "shasum": ""
            },
            "require": {
                "php": ">=5.3"
            },
            "require-dev": {
                "twig/twig": "1.*"
            },
            "type": "library",
            "extra": {
                "branch-alias": {
                    "dev-master": "1.0-dev"
                }
            },
            "autoload": {
                "psr-0": {
                    "Dflydev\\ApacheMimeTypes": "src"
                }
            },
            "notification-url": "https://packagist.org/downloads/",
            "license": [
                "MIT"
            ],
            "authors": [
                {
                    "name": "Dragonfly Development Inc.",
                    "email": "info@dflydev.com",
                    "homepage": "http://dflydev.com"
                },
                {
                    "name": "Beau Simensen",
                    "email": "beau@dflydev.com",
                    "homepage": "http://beausimensen.com"
                }
            ],
            "description": "Apache MIME Types",
            "keywords": [
                "apache",
                "mime",
                "mimetypes"
            ],
            "time": "2013-05-14 02:02:01"
        },
        {
            "name": "doctrine/inflector",
            "version": "v1.1.0",
            "source": {
                "type": "git",
                "url": "https://github.com/doctrine/inflector.git",
                "reference": "90b2128806bfde671b6952ab8bea493942c1fdae"
            },
            "dist": {
                "type": "zip",
                "url": "https://api.github.com/repos/doctrine/inflector/zipball/90b2128806bfde671b6952ab8bea493942c1fdae",
                "reference": "90b2128806bfde671b6952ab8bea493942c1fdae",
                "shasum": ""
            },
            "require": {
                "php": ">=5.3.2"
            },
            "require-dev": {
                "phpunit/phpunit": "4.*"
            },
            "type": "library",
            "extra": {
                "branch-alias": {
                    "dev-master": "1.1.x-dev"
                }
            },
            "autoload": {
                "psr-0": {
                    "Doctrine\\Common\\Inflector\\": "lib/"
                }
            },
            "notification-url": "https://packagist.org/downloads/",
            "license": [
                "MIT"
            ],
            "authors": [
                {
                    "name": "Roman Borschel",
                    "email": "roman@code-factory.org"
                },
                {
                    "name": "Benjamin Eberlei",
                    "email": "kontakt@beberlei.de"
                },
                {
                    "name": "Guilherme Blanco",
                    "email": "guilhermeblanco@gmail.com"
                },
                {
                    "name": "Jonathan Wage",
                    "email": "jonwage@gmail.com"
                },
                {
                    "name": "Johannes Schmitt",
                    "email": "schmittjoh@gmail.com"
                }
            ],
            "description": "Common String Manipulations with regard to casing and singular/plural rules.",
            "homepage": "http://www.doctrine-project.org",
            "keywords": [
                "inflection",
                "pluralize",
                "singularize",
                "string"
            ],
            "time": "2015-11-06 14:35:42"
        },
        {
            "name": "pekkis/mime-types",
            "version": "v1.0.0",
            "source": {
                "type": "git",
                "url": "https://github.com/pekkis/mime-types.git",
                "reference": "e0760d80c6a2e9f9e60ff3e0b247ed4f73866bba"
            },
            "dist": {
                "type": "zip",
                "url": "https://api.github.com/repos/pekkis/mime-types/zipball/e0760d80c6a2e9f9e60ff3e0b247ed4f73866bba",
                "reference": "e0760d80c6a2e9f9e60ff3e0b247ed4f73866bba",
                "shasum": ""
            },
            "require": {
                "dflydev/apache-mime-types": "~1.0",
                "php": ">=5.5.0"
            },
            "require-dev": {
                "phpunit/phpunit": "~4.0",
                "symfony/http-foundation": "~2.2"
            },
            "suggest": {
                "symfony/http-foundation": "For symfony mime type resolver support"
            },
            "type": "library",
            "autoload": {
                "psr-0": {
                    "Pekkis\\MimeTypes": "library/"
                }
            },
            "notification-url": "https://packagist.org/downloads/",
            "license": [
                "BSD-3-Clause"
            ],
            "authors": [
                {
                    "name": "Mikko Forsström",
                    "email": "puhemies@diktaattoriporssi.com"
                }
            ],
            "description": "Mime type library",
            "keywords": [
                "mime",
                "mime type"
            ],
            "time": "2015-07-27 20:03:55"
        },
        {
            "name": "pimple/pimple",
            "version": "v3.0.2",
            "source": {
                "type": "git",
                "url": "https://github.com/silexphp/Pimple.git",
                "reference": "a30f7d6e57565a2e1a316e1baf2a483f788b258a"
            },
            "dist": {
                "type": "zip",
                "url": "https://api.github.com/repos/silexphp/Pimple/zipball/a30f7d6e57565a2e1a316e1baf2a483f788b258a",
                "reference": "a30f7d6e57565a2e1a316e1baf2a483f788b258a",
                "shasum": ""
            },
            "require": {
                "php": ">=5.3.0"
            },
            "type": "library",
            "extra": {
                "branch-alias": {
                    "dev-master": "3.0.x-dev"
                }
            },
            "autoload": {
                "psr-0": {
                    "Pimple": "src/"
                }
            },
            "notification-url": "https://packagist.org/downloads/",
            "license": [
                "MIT"
            ],
            "authors": [
                {
                    "name": "Fabien Potencier",
                    "email": "fabien@symfony.com"
                }
            ],
            "description": "Pimple, a simple Dependency Injection Container",
            "homepage": "http://pimple.sensiolabs.org",
            "keywords": [
                "container",
                "dependency injection"
            ],
            "time": "2015-09-11 15:10:35"
        },
        {
            "name": "twig/twig",
            "version": "v1.24.0",
            "source": {
                "type": "git",
                "url": "https://github.com/twigphp/Twig.git",
                "reference": "3e5aa30ebfbafd5951fb1b01e338e1800ce7e0e8"
            },
            "dist": {
                "type": "zip",
                "url": "https://api.github.com/repos/twigphp/Twig/zipball/3e5aa30ebfbafd5951fb1b01e338e1800ce7e0e8",
                "reference": "3e5aa30ebfbafd5951fb1b01e338e1800ce7e0e8",
                "shasum": ""
            },
            "require": {
                "php": ">=5.2.7"
            },
            "require-dev": {
                "symfony/debug": "~2.7",
                "symfony/phpunit-bridge": "~2.7"
            },
            "type": "library",
            "extra": {
                "branch-alias": {
                    "dev-master": "1.24-dev"
                }
            },
            "autoload": {
                "psr-0": {
                    "Twig_": "lib/"
                }
            },
            "notification-url": "https://packagist.org/downloads/",
            "license": [
                "BSD-3-Clause"
            ],
            "authors": [
                {
                    "name": "Fabien Potencier",
                    "email": "fabien@symfony.com",
                    "homepage": "http://fabien.potencier.org",
                    "role": "Lead Developer"
                },
                {
                    "name": "Armin Ronacher",
                    "email": "armin.ronacher@active-4.com",
                    "role": "Project Founder"
                },
                {
                    "name": "Twig Team",
                    "homepage": "http://twig.sensiolabs.org/contributors",
                    "role": "Contributors"
                }
            ],
            "description": "Twig, the flexible, fast, and secure template language for PHP",
            "homepage": "http://twig.sensiolabs.org",
            "keywords": [
                "templating"
            ],
            "time": "2016-01-25 21:22:18"
        }
    ],
    "aliases": [],
    "minimum-stability": "stable",
    "stability-flags": {
        "corneltek/locale": 20,
        "corneltek/actionkit": 20
    },
    "prefer-stable": false,
    "prefer-lowest": false,
    "platform": [],
    "platform-dev": []
}
